
Microsoft Visual Studio Solution File, Format Version 12.00
# Visual Studio Version 16
VisualStudioVersion = 16.0.30804.86
MinimumVisualStudioVersion = 10.0.40219.1
Project("{FAE04EC0-301F-11D3-BF4B-00C04F79EFBC}") = "Authentication.Api", "Authentication.Api\Authentication.Api.csproj", "{7B928E7B-6073-4CDE-8967-35B118F0AC79}"
EndProject
Project("{FAE04EC0-301F-11D3-BF4B-00C04F79EFBC}") = "Authentication.Core", "Authentication.Core\Authentication.Core.csproj", "{6E75B50C-9FAB-4D09-B3FC-9B250BB2E3B0}"
EndProject
Project("{FAE04EC0-301F-11D3-BF4B-00C04F79EFBC}") = "Authentication.Infrastructure", "Authentication.Infrastructure\Authentication.Infrastructure.csproj", "{291DB93B-4570-47E4-B3D2-2655F069F1DC}"
EndProject
Project("{FAE04EC0-301F-11D3-BF4B-00C04F79EFBC}") = "Authentication.Test", "Authentication.Test\Authentication.Test.csproj", "{03F2146B-2985-4BBA-9951-F8CC6E55F979}"
EndProject
Global
	GlobalSection(SolutionConfigurationPlatforms) = preSolution
		Debug|Any CPU = Debug|Any CPU
		Release|Any CPU = Release|Any CPU
	EndGlobalSection
	GlobalSection(ProjectConfigurationPlatforms) = postSolution
		{7B928E7B-6073-4CDE-8967-35B118F0AC79}.Debug|Any CPU.ActiveCfg = Debug|Any CPU
		{7B928E7B-6073-4CDE-8967-35B118F0AC79}.Debug|Any CPU.Build.0 = Debug|Any CPU
		{7B928E7B-6073-4CDE-8967-35B118F0AC79}.Release|Any CPU.ActiveCfg = Release|Any CPU
		{7B928E7B-6073-4CDE-8967-35B118F0AC79}.Release|Any CPU.Build.0 = Release|Any CPU
		{6E75B50C-9FAB-4D09-B3FC-9B250BB2E3B0}.Debug|Any CPU.ActiveCfg = Debug|Any CPU
		{6E75B50C-9FAB-4D09-B3FC-9B250BB2E3B0}.Debug|Any CPU.Build.0 = Debug|Any CPU
		{6E75B50C-9FAB-4D09-B3FC-9B250BB2E3B0}.Release|Any CPU.ActiveCfg = Release|Any CPU
		{6E75B50C-9FAB-4D09-B3FC-9B250BB2E3B0}.Release|Any CPU.Build.0 = Release|Any CPU
		{291DB93B-4570-47E4-B3D2-2655F069F1DC}.Debug|Any CPU.ActiveCfg = Debug|Any CPU
		{291DB93B-4570-47E4-B3D2-2655F069F1DC}.Debug|Any CPU.Build.0 = Debug|Any CPU
		{291DB93B-4570-47E4-B3D2-2655F069F1DC}.Release|Any CPU.ActiveCfg = Release|Any CPU
		{291DB93B-4570-47E4-B3D2-2655F069F1DC}.Release|Any CPU.Build.0 = Release|Any CPU
		{03F2146B-2985-4BBA-9951-F8CC6E55F979}.Debug|Any CPU.ActiveCfg = Debug|Any CPU
		{03F2146B-2985-4BBA-9951-F8CC6E55F979}.Debug|Any CPU.Build.0 = Debug|Any CPU
		{03F2146B-2985-4BBA-9951-F8CC6E55F979}.Release|Any CPU.ActiveCfg = Release|Any CPU
		{03F2146B-2985-4BBA-9951-F8CC6E55F979}.Release|Any CPU.Build.0 = Release|Any CPU
	EndGlobalSection
	GlobalSection(SolutionProperties) = preSolution
		HideSolutionNode = FALSE
	EndGlobalSection
	GlobalSection(ExtensibilityGlobals) = postSolution
		SolutionGuid = {021DA4AB-DB27-4A88-AC53-80439B8ED9D6}
	EndGlobalSection
EndGlobal
